
Microsoft Visual Studio Solution File, Format Version 12.00
# Visual Studio Version 16
VisualStudioVersion = 16.0.33920.266
MinimumVisualStudioVersion = 10.0.40219.1
Project("{FAE04EC0-301F-11D3-BF4B-00C04F79EFBC}") = "22_1ababiy", "22_1ababiy.csproj", "{82100AAC-9632-4331-83BF-0C9D90EF8E80}"
EndProject
Global
	GlobalSection(SolutionConfigurationPlatforms) = preSolution
		Debug|Any CPU = Debug|Any CPU
		Release|Any CPU = Release|Any CPU
	EndGlobalSection
	GlobalSection(ProjectConfigurationPlatforms) = postSolution
		{82100AAC-9632-4331-83BF-0C9D90EF8E80}.Debug|Any CPU.ActiveCfg = Debug|Any CPU
		{82100AAC-9632-4331-83BF-0C9D90EF8E80}.Debug|Any CPU.Build.0 = Debug|Any CPU
		{82100AAC-9632-4331-83BF-0C9D90EF8E80}.Release|Any CPU.ActiveCfg = Release|Any CPU
		{82100AAC-9632-4331-83BF-0C9D90EF8E80}.Release|Any CPU.Build.0 = Release|Any CPU
	EndGlobalSection
	GlobalSection(SolutionProperties) = preSolution
		HideSolutionNode = FALSE
	EndGlobalSection
	GlobalSection(ExtensibilityGlobals) = postSolution
		SolutionGuid = {7CF242E2-BADB-489E-8125-8108E56CFC26}
	EndGlobalSection
EndGlobal
