
Microsoft Visual Studio Solution File, Format Version 12.00
# Visual Studio Version 16
VisualStudioVersion = 16.0.33920.266
MinimumVisualStudioVersion = 10.0.40219.1
Project("{FAE04EC0-301F-11D3-BF4B-00C04F79EFBC}") = "Ababiy19_4", "Ababiy19_4.csproj", "{48E1E657-647B-47FE-8C98-5CFA5E9B4B46}"
EndProject
Global
	GlobalSection(SolutionConfigurationPlatforms) = preSolution
		Debug|Any CPU = Debug|Any CPU
		Release|Any CPU = Release|Any CPU
	EndGlobalSection
	GlobalSection(ProjectConfigurationPlatforms) = postSolution
		{48E1E657-647B-47FE-8C98-5CFA5E9B4B46}.Debug|Any CPU.ActiveCfg = Debug|Any CPU
		{48E1E657-647B-47FE-8C98-5CFA5E9B4B46}.Debug|Any CPU.Build.0 = Debug|Any CPU
		{48E1E657-647B-47FE-8C98-5CFA5E9B4B46}.Release|Any CPU.ActiveCfg = Release|Any CPU
		{48E1E657-647B-47FE-8C98-5CFA5E9B4B46}.Release|Any CPU.Build.0 = Release|Any CPU
	EndGlobalSection
	GlobalSection(SolutionProperties) = preSolution
		HideSolutionNode = FALSE
	EndGlobalSection
	GlobalSection(ExtensibilityGlobals) = postSolution
		SolutionGuid = {D8275F42-572B-4FD3-AD3F-8AD468F7A3D1}
	EndGlobalSection
EndGlobal
